{
  "name": "atlasgr-forecast-semanal",
  "lockfileVersion": 3,
  "requires": true,
  "packages": {
    "": {
      "name": "atlasgr-forecast-semanal",
      "dependencies": {
        "nodemailer": "9.1.1"
      },
      "devDependencies": {
        "typescript": "5.7.3"
      }
    },
    "node_modules/nodemailer": {
      "version": "9.1.1",
      "resolved": "https://registry.npmjs.org/nodemailer/-/nodemailer-9.1.1.tgz",
      "integrity": "sha512-izw9mVKFix6YSnC9eLgV6g1opl9DUlRio9ZNcq+Wu9Ujn2UwF+8Nl0B8nz22kEC+CTZCvinkxwJ0DeFbb6NwcQ==",
      "license": "MIT-0",
      "engines": {
        "node": ">=6.0.0"
      }
    },
    "node_modules/typescript": {
      "version": "5.7.3",
      "resolved": "https://registry.npmjs.org/typescript/-/typescript-5.7.3.tgz",
      "integrity": "sha512-84MVSjMEHP+FQRPy3pX9sTVV/INIex71s9TL2Gm5FG/WG1SqXeKyZ0k7/blY/4FdOzI12CBy1vGc4og/eus0fw==",
      "dev": true,
      "license": "Apache-2.0",
      "bin": {
        "tsc": "bin/tsc",
        "tsserver": "bin/tsserver"
      },
      "engines": {
        "node": ">=14.17"
      }
    }
  }
}
